
Microsoft Visual Studio Solution File, Format Version 12.00
# Visual Studio Version 16
VisualStudioVersion = 16.0.28803.202
MinimumVisualStudioVersion = 10.0.40219.1
Project("{FAE04EC0-301F-11D3-BF4B-00C04F79EFBC}") = "1.2_lab8", "1.2_lab8\1.2_lab8.csproj", "{0E66BEA8-03ED-4610-AFE0-F5391865117A}"
EndProject
Global
	GlobalSection(SolutionConfigurationPlatforms) = preSolution
		Debug|Any CPU = Debug|Any CPU
		Release|Any CPU = Release|Any CPU
	EndGlobalSection
	GlobalSection(ProjectConfigurationPlatforms) = postSolution
		{0E66BEA8-03ED-4610-AFE0-F5391865117A}.Debug|Any CPU.ActiveCfg = Debug|Any CPU
		{0E66BEA8-03ED-4610-AFE0-F5391865117A}.Debug|Any CPU.Build.0 = Debug|Any CPU
		{0E66BEA8-03ED-4610-AFE0-F5391865117A}.Release|Any CPU.ActiveCfg = Release|Any CPU
		{0E66BEA8-03ED-4610-AFE0-F5391865117A}.Release|Any CPU.Build.0 = Release|Any CPU
	EndGlobalSection
	GlobalSection(SolutionProperties) = preSolution
		HideSolutionNode = FALSE
	EndGlobalSection
	GlobalSection(ExtensibilityGlobals) = postSolution
		SolutionGuid = {57F340F6-5EAD-4FB3-A7A9-05DF3190B7D8}
	EndGlobalSection
EndGlobal
